{
  "name": "audio-plugin-coder",
  "version": "1.4.0",
  "lockfileVersion": 3,
  "requires": true,
  "packages": {
    "": {
      "name": "audio-plugin-coder",
      "version": "1.4.0",
      "license": "MIT",
      "bin": {
        "audio-plugin-coder": "bin/setup.js"
      },
      "engines": {
        "node": ">=18.0.0"
      }
    }
  }
}
